
Microsoft Visual Studio Solution File, Format Version 12.00
# Visual Studio Version 16
VisualStudioVersion = 16.0.30225.117
MinimumVisualStudioVersion = 10.0.40219.1
Project("{FAE04EC0-301F-11D3-BF4B-00C04F79EFBC}") = "MonoPass", "MonoPass\MonoPass.csproj", "{1B8B9317-9F82-4773-907D-45FC50F3E3D2}"
EndProject
Project("{FAE04EC0-301F-11D3-BF4B-00C04F79EFBC}") = "mpdata", "mpdata\mpdata\mpdata.csproj", "{F324FCD6-F445-49C2-8D13-167A3706374D}"
EndProject
Global
	GlobalSection(SolutionConfigurationPlatforms) = preSolution
		Debug|Any CPU = Debug|Any CPU
		Release|Any CPU = Release|Any CPU
	EndGlobalSection
	GlobalSection(ProjectConfigurationPlatforms) = postSolution
		{1B8B9317-9F82-4773-907D-45FC50F3E3D2}.Debug|Any CPU.ActiveCfg = Debug|Any CPU
		{1B8B9317-9F82-4773-907D-45FC50F3E3D2}.Debug|Any CPU.Build.0 = Debug|Any CPU
		{1B8B9317-9F82-4773-907D-45FC50F3E3D2}.Release|Any CPU.ActiveCfg = Release|Any CPU
		{1B8B9317-9F82-4773-907D-45FC50F3E3D2}.Release|Any CPU.Build.0 = Release|Any CPU
		{F324FCD6-F445-49C2-8D13-167A3706374D}.Debug|Any CPU.ActiveCfg = Debug|Any CPU
		{F324FCD6-F445-49C2-8D13-167A3706374D}.Debug|Any CPU.Build.0 = Debug|Any CPU
		{F324FCD6-F445-49C2-8D13-167A3706374D}.Release|Any CPU.ActiveCfg = Release|Any CPU
		{F324FCD6-F445-49C2-8D13-167A3706374D}.Release|Any CPU.Build.0 = Release|Any CPU
	EndGlobalSection
	GlobalSection(SolutionProperties) = preSolution
		HideSolutionNode = FALSE
	EndGlobalSection
	GlobalSection(ExtensibilityGlobals) = postSolution
		SolutionGuid = {B3D133F6-72C8-4732-A7EB-CD43C7675B3C}
	EndGlobalSection
EndGlobal
