
Microsoft Visual Studio Solution File, Format Version 12.00
# Visual Studio Version 16
VisualStudioVersion = 16.0.30413.136
MinimumVisualStudioVersion = 10.0.40219.1
Project("{FAE04EC0-301F-11D3-BF4B-00C04F79EFBC}") = "mpdata", "mpdata\mpdata.csproj", "{F324FCD6-F445-49C2-8D13-167A3706374D}"
EndProject
Global
	GlobalSection(SolutionConfigurationPlatforms) = preSolution
		Debug|Any CPU = Debug|Any CPU
		Release|Any CPU = Release|Any CPU
	EndGlobalSection
	GlobalSection(ProjectConfigurationPlatforms) = postSolution
		{F324FCD6-F445-49C2-8D13-167A3706374D}.Debug|Any CPU.ActiveCfg = Debug|Any CPU
		{F324FCD6-F445-49C2-8D13-167A3706374D}.Debug|Any CPU.Build.0 = Debug|Any CPU
		{F324FCD6-F445-49C2-8D13-167A3706374D}.Release|Any CPU.ActiveCfg = Release|Any CPU
		{F324FCD6-F445-49C2-8D13-167A3706374D}.Release|Any CPU.Build.0 = Release|Any CPU
	EndGlobalSection
	GlobalSection(SolutionProperties) = preSolution
		HideSolutionNode = FALSE
	EndGlobalSection
	GlobalSection(ExtensibilityGlobals) = postSolution
		SolutionGuid = {820846D1-68AB-48FD-A570-53F9B6A414E1}
	EndGlobalSection
EndGlobal
